
Microsoft Visual Studio Solution File, Format Version 12.00
# Visual Studio Version 17
VisualStudioVersion = 17.6.33829.357
MinimumVisualStudioVersion = 10.0.40219.1
Project("{9A19103F-16F7-4668-BE54-9A1E7A4F7556}") = "aiUnit.Tests", "aiUnit.Tests.csproj", "{48359C99-B5E4-4772-9E50-0DAC41C19C29}"
EndProject
Global
	GlobalSection(SolutionConfigurationPlatforms) = preSolution
		Debug|Any CPU = Debug|Any CPU
		Release|Any CPU = Release|Any CPU
	EndGlobalSection
	GlobalSection(ProjectConfigurationPlatforms) = postSolution
		{48359C99-B5E4-4772-9E50-0DAC41C19C29}.Debug|Any CPU.ActiveCfg = Debug|Any CPU
		{48359C99-B5E4-4772-9E50-0DAC41C19C29}.Debug|Any CPU.Build.0 = Debug|Any CPU
		{48359C99-B5E4-4772-9E50-0DAC41C19C29}.Release|Any CPU.ActiveCfg = Release|Any CPU
		{48359C99-B5E4-4772-9E50-0DAC41C19C29}.Release|Any CPU.Build.0 = Release|Any CPU
	EndGlobalSection
	GlobalSection(SolutionProperties) = preSolution
		HideSolutionNode = FALSE
	EndGlobalSection
	GlobalSection(ExtensibilityGlobals) = postSolution
		SolutionGuid = {6E3FC23C-7766-4229-A6DA-633592865CED}
	EndGlobalSection
EndGlobal
